<Solution>
  <Folder Name="/Infrastructure/">
    <Project Path="E:/Project/MyProject/AvaloniaUIApp/LingFanEngine.Media/src/Infrastructure/LingFan.Media.Abstractions/LingFan.Media.Abstractions.csproj" />
    <Project Path="E:/Project/MyProject/AvaloniaUIApp/LingFanEngine.Media/src/Infrastructure/LingFan.Media.Audio/LingFan.Media.Audio.csproj" />
    <Project Path="E:/Project/MyProject/AvaloniaUIApp/LingFanEngine.Media/src/Infrastructure/LingFan.Media.Consumers/LingFan.Media.Consumers.csproj" />
    <Project Path="E:/Project/MyProject/AvaloniaUIApp/LingFanEngine.Media/src/Infrastructure/LingFan.Media.Core/LingFan.Media.Core.csproj" />
    <Project Path="E:/Project/MyProject/AvaloniaUIApp/LingFanEngine.Media/src/Infrastructure/LingFan.Media.Extensions/LingFan.Media.Extensions.csproj" />
    <Project Path="E:/Project/MyProject/AvaloniaUIApp/LingFanEngine.Media/src/Infrastructure/LingFan.Media.Formats/LingFan.Media.Formats.csproj" />
    <Project Path="E:/Project/MyProject/AvaloniaUIApp/LingFanEngine.Media/src/Infrastructure/LingFan.Media.Sources/LingFan.Media.Sources.csproj" />
    <Project Path="E:/Project/MyProject/AvaloniaUIApp/LingFanEngine.Media/src/Infrastructure/LingFan.Media.Video/LingFan.Media.Video.csproj" />
    <Project Path="src/Infrastructure/LingFan.Media.Playback/LingFan.Media.Playback.csproj" />
  </Folder>
  <Folder Name="/Backends/">
    <Project Path="E:/Project/MyProject/AvaloniaUIApp/LingFanEngine.Media/src/Backends/LingFan.Media.Backends.FFmpeg/LingFan.Media.Backends.FFmpeg.csproj" />
    <Project Path="E:/Project/MyProject/AvaloniaUIApp/LingFanEngine.Media/src/Backends/LingFan.Media.Backends.GStreamer/LingFan.Media.Backends.GStreamer.csproj" />
    <Project Path="E:/Project/MyProject/AvaloniaUIApp/LingFanEngine.Media/src/Backends/LingFan.Media.Backends.MediaFoundation/LingFan.Media.Backends.MediaFoundation.csproj" />
    <Project Path="E:/Project/MyProject/AvaloniaUIApp/LingFanEngine.Media/src/Backends/LingFan.Media.Backends.VLC/LingFan.Media.Backends.VLC.csproj" />
    <Project Path="E:/Project/MyProject/AvaloniaUIApp/LingFanEngine.Media/src/Backends/LingFan.Media.Backends.WebRTC/LingFan.Media.Backends.WebRTC.csproj" />
  </Folder>
  <Folder Name="/Renderers/">
    <Project Path="E:/Project/MyProject/AvaloniaUIApp/LingFanEngine.Media/src/Renderers/LingFan.Media.Renderers.D3D11/LingFan.Media.Renderers.D3D11.csproj" />
    <Project Path="E:/Project/MyProject/AvaloniaUIApp/LingFanEngine.Media/src/Renderers/LingFan.Media.Renderers.Metal/LingFan.Media.Renderers.Metal.csproj" />
    <Project Path="E:/Project/MyProject/AvaloniaUIApp/LingFanEngine.Media/src/Renderers/LingFan.Media.Renderers.OpenGL/LingFan.Media.Renderers.OpenGL.csproj" />
    <Project Path="E:/Project/MyProject/AvaloniaUIApp/LingFanEngine.Media/src/Renderers/LingFan.Media.Renderers.Shared/LingFan.Media.Renderers.Shared.csproj" />
    <Project Path="E:/Project/MyProject/AvaloniaUIApp/LingFanEngine.Media/src/Renderers/LingFan.Media.Renderers.Vulkan/LingFan.Media.Renderers.Vulkan.csproj" />
  </Folder>
  <Folder Name="/Outputs/">
    <Project Path="E:/Project/MyProject/AvaloniaUIApp/LingFanEngine.Media/src/Outputs/LingFan.Media.Outputs.Shared/LingFan.Media.Outputs.Shared.csproj" />
    <Project Path="E:/Project/MyProject/AvaloniaUIApp/LingFanEngine.Media/src/Outputs/LingFan.Media.Outputs/LingFan.Media.Outputs.csproj" />
  </Folder>
  <Folder Name="/Platforms/">
    <Project Path="E:/Project/MyProject/AvaloniaUIApp/LingFanEngine.Media/src/Platforms/LingFan.Media.Platforms/LingFan.Media.Platforms.csproj" />
  </Folder>
  <Folder Name="/Tools/">
    <Project Path="E:/Project/MyProject/AvaloniaUIApp/LingFanEngine.Media/src/Tools/FfmpegHeadfulPlaybackProbe/FfmpegHeadfulPlaybackProbe.csproj" />
    <Project Path="E:/Project/MyProject/AvaloniaUIApp/LingFanEngine.Media/src/Tools/FfmpegPlaybackProbe/FfmpegPlaybackProbe.csproj" />
    <Project Path="E:/Project/MyProject/AvaloniaUIApp/LingFanEngine.Media/src/Tools/HeadfulPlaybackProbe/HeadfulPlaybackProbe.csproj" />
    <Project Path="E:/Project/MyProject/AvaloniaUIApp/LingFanEngine.Media/src/Tools/MediaCorrectnessProbe/MediaCorrectnessProbe.csproj" />
    <Project Path="E:/Project/MyProject/AvaloniaUIApp/LingFanEngine.Media/src/Tools/MediaPlaybackProbe/MediaPlaybackProbe.csproj" />
    <Project Path="E:/Project/MyProject/AvaloniaUIApp/LingFanEngine.Media/src/Tools/VlcPlaybackProbe/VlcPlaybackProbe.csproj" />
    <Project Path="E:/Project/MyProject/AvaloniaUIApp/LingFanEngine.Media/src/Tools/WasapiDriverProbe/WasapiDriverProbe.csproj" />
    <Project Path="E:/Project/MyProject/AvaloniaUIApp/LingFanEngine.Media/src/Tools/WasapiSineProbe/WasapiSineProbe.csproj" />
    <Project Path="src/Tools/PlaybackProbe/PlaybackProbe.csproj" />
  </Folder>
  <Folder Name="/Tools/AvaloniaTools/">
    <Project Path="src/Tools/AvaloniaTools/LingFan.Media.AvaloniaTools/LingFan.Media.AvaloniaTools.Android/LingFan.Media.AvaloniaTools.Android.csproj" Id="2be81614-5752-465f-9481-ef9a68436bb2">
      <Deploy />
    </Project>
    <Project Path="src/Tools/AvaloniaTools/LingFan.Media.AvaloniaTools/LingFan.Media.AvaloniaTools.Browser/LingFan.Media.AvaloniaTools.Browser.csproj" Id="38d58034-d6b1-45b7-b289-d0463637a0ea" />
    <Project Path="src/Tools/AvaloniaTools/LingFan.Media.AvaloniaTools/LingFan.Media.AvaloniaTools.Desktop/LingFan.Media.AvaloniaTools.Desktop.csproj" Id="4787fa0d-4b99-4e05-8d54-d8d9dfb291a5" />
    <Project Path="src/Tools/AvaloniaTools/LingFan.Media.AvaloniaTools/LingFan.Media.AvaloniaTools.iOS/LingFan.Media.AvaloniaTools.iOS.csproj" Id="7ebca85e-3831-4913-9bc1-f8fe9ccbe2cc">
      <Deploy />
    </Project>
    <Project Path="src/Tools/AvaloniaTools/LingFan.Media.AvaloniaTools/LingFan.Media.AvaloniaTools/LingFan.Media.AvaloniaTools.csproj" Id="8fb21948-9c12-4eb2-9f3a-03b883a19734" />
  </Folder>
  <Folder Name="/UI/">
    <Project Path="E:/Project/MyProject/AvaloniaUIApp/LingFanEngine.Media/src/UI/LingFan.Media.Avalonia/LingFan.Media.Avalonia.csproj" />
  </Folder>
  <Folder Name="/Presenters/">
    <Project Path="E:/Project/MyProject/AvaloniaUIApp/LingFanEngine.Media/src/Presenters/LingFan.Media.GpuPresenter/LingFan.Media.GpuPresenter.csproj" />
  </Folder>
  <Folder Name="/Tests/">
    <Project Path="E:/Project/MyProject/AvaloniaUIApp/LingFanEngine.Media/src/Tests/LingFan.Media.Abstractions.Tests/LingFan.Media.Abstractions.Tests.csproj" />
    <Project Path="E:/Project/MyProject/AvaloniaUIApp/LingFanEngine.Media/src/Tests/LingFan.Media.Audio.Tests/LingFan.Media.Audio.Tests.csproj" />
    <Project Path="E:/Project/MyProject/AvaloniaUIApp/LingFanEngine.Media/src/Tests/LingFan.Media.Avalonia.Tests/LingFan.Media.Avalonia.Tests.csproj" />
    <Project Path="E:/Project/MyProject/AvaloniaUIApp/LingFanEngine.Media/src/Tests/LingFan.Media.Backends.FFmpeg.Tests/LingFan.Media.Backends.FFmpeg.Tests.csproj" />
    <Project Path="E:/Project/MyProject/AvaloniaUIApp/LingFanEngine.Media/src/Tests/LingFan.Media.Backends.MediaFoundation.Tests/LingFan.Media.Backends.MediaFoundation.Tests.csproj" />
    <Project Path="E:/Project/MyProject/AvaloniaUIApp/LingFanEngine.Media/src/Tests/LingFan.Media.Core.Tests/LingFan.Media.Core.Tests.csproj" />
    <Project Path="E:/Project/MyProject/AvaloniaUIApp/LingFanEngine.Media/src/Tests/LingFan.Media.Formats.Tests/LingFan.Media.Formats.Tests.csproj" />
    <Project Path="E:/Project/MyProject/AvaloniaUIApp/LingFanEngine.Media/src/Tests/LingFan.Media.GpuPresenter.Tests/LingFan.Media.GpuPresenter.Tests.csproj" />
    <Project Path="E:/Project/MyProject/AvaloniaUIApp/LingFanEngine.Media/src/Tests/LingFan.Media.IntegrationTests/LingFan.Media.IntegrationTests.csproj" />
    <Project Path="E:/Project/MyProject/AvaloniaUIApp/LingFanEngine.Media/src/Tests/LingFan.Media.Outputs.Tests/LingFan.Media.Outputs.Tests.csproj" />
    <Project Path="E:/Project/MyProject/AvaloniaUIApp/LingFanEngine.Media/src/Tests/LingFan.Media.Renderers.D3D11.Tests/LingFan.Media.Renderers.D3D11.Tests.csproj" />
    <Project Path="E:/Project/MyProject/AvaloniaUIApp/LingFanEngine.Media/src/Tests/LingFan.Media.Sources.Tests/LingFan.Media.Sources.Tests.csproj" />
    <Project Path="E:/Project/MyProject/AvaloniaUIApp/LingFanEngine.Media/src/Tests/LingFan.Media.Video.Tests/LingFan.Media.Video.Tests.csproj" />
  </Folder>
</Solution>
