<Solution>
  <Folder Name="/Infrastructure/">
    <Project Path="src/Infrastructure/LingFan.Media.Abstractions/LingFan.Media.Abstractions.csproj" />
    <Project Path="src/Infrastructure/LingFan.Media.Audio/LingFan.Media.Audio.csproj" />
    <Project Path="src/Infrastructure/LingFan.Media.Core/LingFan.Media.Core.csproj" />
    <Project Path="src/Infrastructure/LingFan.Media.Extensions/LingFan.Media.Extensions.csproj" />
    <Project Path="src/Infrastructure/LingFan.Media.Formats/LingFan.Media.Formats.csproj" />
    <Project Path="src/Infrastructure/LingFan.Media.Playback/LingFan.Media.Playback.csproj" />
    <Project Path="src/Infrastructure/LingFan.Media.Sources/LingFan.Media.Sources.csproj" />
    <Project Path="src/Infrastructure/LingFan.Media.Video/LingFan.Media.Video.csproj" />
  </Folder>
  <Folder Name="/Backends/">
    <Project Path="src/Backends/LingFan.Media.Backends.FFmpeg/LingFan.Media.Backends.FFmpeg.csproj" />
    <Project Path="src/Backends/LingFan.Media.Backends.GStreamer/LingFan.Media.Backends.GStreamer.csproj" />
    <Project Path="src/Backends/LingFan.Media.Backends.MediaFoundation/LingFan.Media.Backends.MediaFoundation.csproj" />
    <Project Path="src/Backends/LingFan.Media.Backends.VLCNative/LingFan.Media.Backends.VLCNative.csproj" />
    <Project Path="src/Backends/LingFan.Media.Backends.WebRTC/LingFan.Media.Backends.WebRTC.csproj" />
  </Folder>
  <Folder Name="/Renderers/">
    <Project Path="src/Renderers/LingFan.Media.Renderers.D3D11/LingFan.Media.Renderers.D3D11.csproj" />
    <Project Path="src/Renderers/LingFan.Media.Renderers.Metal/LingFan.Media.Renderers.Metal.csproj" />
    <Project Path="src/Renderers/LingFan.Media.Renderers.OpenGL/LingFan.Media.Renderers.OpenGL.csproj" />
    <Project Path="src/Renderers/LingFan.Media.Renderers.Shared/LingFan.Media.Renderers.Shared.csproj" />
    <Project Path="src/Renderers/LingFan.Media.Renderers.Vulkan/LingFan.Media.Renderers.Vulkan.csproj" />
  </Folder>
  <Folder Name="/Outputs/">
    <Project Path="src/Outputs/LingFan.Media.Outputs.Shared/LingFan.Media.Outputs.Shared.csproj" />
    <Project Path="src/Outputs/LingFan.Media.Outputs/LingFan.Media.Outputs.csproj" />
  </Folder>
  <Folder Name="/Platforms/">
    <Project Path="src/Platforms/LingFan.Media.Platforms/LingFan.Media.Platforms.csproj" />
  </Folder>
  <Folder Name="/Tools/AvaloniaTools/">
    <Project Path="src/Tools/AvaloniaTools/LingFan.Media.AvaloniaTools/LingFan.Media.AvaloniaTools.Android/LingFan.Media.AvaloniaTools.Android.csproj" />
    <Project Path="src/Tools/AvaloniaTools/LingFan.Media.AvaloniaTools/LingFan.Media.AvaloniaTools.Browser/LingFan.Media.AvaloniaTools.Browser.csproj" />
    <Project Path="src/Tools/AvaloniaTools/LingFan.Media.AvaloniaTools/LingFan.Media.AvaloniaTools.Desktop/LingFan.Media.AvaloniaTools.Desktop.csproj" />
    <Project Path="src/Tools/AvaloniaTools/LingFan.Media.AvaloniaTools/LingFan.Media.AvaloniaTools.iOS/LingFan.Media.AvaloniaTools.iOS.csproj" />
    <Project Path="src/Tools/AvaloniaTools/LingFan.Media.AvaloniaTools/LingFan.Media.AvaloniaTools/LingFan.Media.AvaloniaTools.csproj" />
  </Folder>
  <Folder Name="/UI/">
    <Project Path="src/UI/LingFan.Media.Avalonia/LingFan.Media.Avalonia.csproj" />
  </Folder>
  <Folder Name="/Tools/">
    <Project Path="src/Tools/FfmpegHeadfulPlaybackProbe/FfmpegHeadfulPlaybackProbe.csproj" />
    <Project Path="src/Tools/FfmpegPlaybackProbe/FfmpegPlaybackProbe.csproj" />
    <Project Path="src/Tools/HeadfulPlaybackProbe/HeadfulPlaybackProbe.csproj" />
    <Project Path="src/Tools/MediaCorrectnessProbe/MediaCorrectnessProbe.csproj" />
    <Project Path="src/Tools/MediaPlaybackProbe/MediaPlaybackProbe.csproj" />
    <Project Path="src/Tools/PlaybackProbe/PlaybackProbe.csproj" />
    <Project Path="src/Tools/VlcHeadfulPlaybackProbe/VlcHeadfulPlaybackProbe.csproj" />
    <Project Path="src/Tools/VlcNativePlaybackProbe/VlcNativePlaybackProbe.csproj" />
    <Project Path="src/Tools/WasapiDriverProbe/WasapiDriverProbe.csproj" />
    <Project Path="src/Tools/WasapiSineProbe/WasapiSineProbe.csproj" />
  </Folder>
</Solution>
