<Solution>
  <Project Path="LingFan.Media.Demo.Android/LingFan.Media.Demo.Android.csproj">
    <Deploy />
  </Project>
  <Project Path="LingFan.Media.Demo.Browser/LingFan.Media.Demo.Browser.csproj" />
  <Project Path="LingFan.Media.Demo.Desktop/LingFan.Media.Demo.Desktop.csproj" />
  <Project Path="LingFan.Media.Demo.iOS/LingFan.Media.Demo.iOS.csproj">
    <Deploy />
  </Project>
  <Project Path="LingFan.Media.Demo/LingFan.Media.Demo.csproj" />
</Solution>
